
Microsoft Visual Studio Solution File, Format Version 12.00
# Visual Studio 15
VisualStudioVersion = 15.0.27130.0
MinimumVisualStudioVersion = 10.0.40219.1
Project("{8BC9CEB8-8B4A-11D0-8D11-00A0C91BC942}") = "Base_exo2", "Base_exo2\Base_exo2.vcxproj", "{B10B2CC3-38DA-4BCE-8978-636A46B3C2F3}"
EndProject
Global
	GlobalSection(SolutionConfigurationPlatforms) = preSolution
		Debug|x64 = Debug|x64
		Debug|x86 = Debug|x86
		Release|x64 = Release|x64
		Release|x86 = Release|x86
	EndGlobalSection
	GlobalSection(ProjectConfigurationPlatforms) = postSolution
		{B10B2CC3-38DA-4BCE-8978-636A46B3C2F3}.Debug|x64.ActiveCfg = Debug|x64
		{B10B2CC3-38DA-4BCE-8978-636A46B3C2F3}.Debug|x64.Build.0 = Debug|x64
		{B10B2CC3-38DA-4BCE-8978-636A46B3C2F3}.Debug|x86.ActiveCfg = Debug|Win32
		{B10B2CC3-38DA-4BCE-8978-636A46B3C2F3}.Debug|x86.Build.0 = Debug|Win32
		{B10B2CC3-38DA-4BCE-8978-636A46B3C2F3}.Release|x64.ActiveCfg = Release|x64
		{B10B2CC3-38DA-4BCE-8978-636A46B3C2F3}.Release|x64.Build.0 = Release|x64
		{B10B2CC3-38DA-4BCE-8978-636A46B3C2F3}.Release|x86.ActiveCfg = Release|Win32
		{B10B2CC3-38DA-4BCE-8978-636A46B3C2F3}.Release|x86.Build.0 = Release|Win32
	EndGlobalSection
	GlobalSection(SolutionProperties) = preSolution
		HideSolutionNode = FALSE
	EndGlobalSection
	GlobalSection(ExtensibilityGlobals) = postSolution
		SolutionGuid = {2F8CE1B0-57E0-40CD-A28E-C7F3909ABFA3}
	EndGlobalSection
EndGlobal
