
Microsoft Visual Studio Solution File, Format Version 12.00
# Visual Studio 15
VisualStudioVersion = 15.0.27130.0
MinimumVisualStudioVersion = 10.0.40219.1
Project("{8BC9CEB8-8B4A-11D0-8D11-00A0C91BC942}") = "Conditions_exo", "Conditions_exo\Conditions_exo.vcxproj", "{6B230935-0229-4213-A783-592BBF30385E}"
EndProject
Project("{8BC9CEB8-8B4A-11D0-8D11-00A0C91BC942}") = "Conditions_exo13", "Conditions_exo13\Conditions_exo13.vcxproj", "{15D6B781-D06D-414B-AC52-09164D768101}"
EndProject
Project("{8BC9CEB8-8B4A-11D0-8D11-00A0C91BC942}") = "Conditions_exo14", "Condition_exo14\Condition_exo14.vcxproj", "{5C28A77F-992F-49F9-B5E9-AA3E5F268D72}"
EndProject
Project("{8BC9CEB8-8B4A-11D0-8D11-00A0C91BC942}") = "Conditions_exo15", "Conditions_exo15\Conditions_exo15.vcxproj", "{B196B24C-21B3-42C8-AC51-5069E84AAB60}"
EndProject
Project("{8BC9CEB8-8B4A-11D0-8D11-00A0C91BC942}") = "Conditions_exo16", "Conditions_exo16\Conditions_exo16.vcxproj", "{569751CB-031F-48D5-9A7A-E1CE7B9F2412}"
EndProject
Project("{8BC9CEB8-8B4A-11D0-8D11-00A0C91BC942}") = "Conditions_exo17", "Conditions_exo17\Conditions_exo17.vcxproj", "{F2435755-D324-4B55-B93B-0E0204E243C1}"
EndProject
Global
	GlobalSection(SolutionConfigurationPlatforms) = preSolution
		Debug|x64 = Debug|x64
		Debug|x86 = Debug|x86
		Release|x64 = Release|x64
		Release|x86 = Release|x86
	EndGlobalSection
	GlobalSection(ProjectConfigurationPlatforms) = postSolution
		{6B230935-0229-4213-A783-592BBF30385E}.Debug|x64.ActiveCfg = Debug|x64
		{6B230935-0229-4213-A783-592BBF30385E}.Debug|x64.Build.0 = Debug|x64
		{6B230935-0229-4213-A783-592BBF30385E}.Debug|x86.ActiveCfg = Debug|Win32
		{6B230935-0229-4213-A783-592BBF30385E}.Debug|x86.Build.0 = Debug|Win32
		{6B230935-0229-4213-A783-592BBF30385E}.Release|x64.ActiveCfg = Release|x64
		{6B230935-0229-4213-A783-592BBF30385E}.Release|x64.Build.0 = Release|x64
		{6B230935-0229-4213-A783-592BBF30385E}.Release|x86.ActiveCfg = Release|Win32
		{6B230935-0229-4213-A783-592BBF30385E}.Release|x86.Build.0 = Release|Win32
		{15D6B781-D06D-414B-AC52-09164D768101}.Debug|x64.ActiveCfg = Debug|x64
		{15D6B781-D06D-414B-AC52-09164D768101}.Debug|x64.Build.0 = Debug|x64
		{15D6B781-D06D-414B-AC52-09164D768101}.Debug|x86.ActiveCfg = Debug|Win32
		{15D6B781-D06D-414B-AC52-09164D768101}.Debug|x86.Build.0 = Debug|Win32
		{15D6B781-D06D-414B-AC52-09164D768101}.Release|x64.ActiveCfg = Release|x64
		{15D6B781-D06D-414B-AC52-09164D768101}.Release|x64.Build.0 = Release|x64
		{15D6B781-D06D-414B-AC52-09164D768101}.Release|x86.ActiveCfg = Release|Win32
		{15D6B781-D06D-414B-AC52-09164D768101}.Release|x86.Build.0 = Release|Win32
		{5C28A77F-992F-49F9-B5E9-AA3E5F268D72}.Debug|x64.ActiveCfg = Debug|x64
		{5C28A77F-992F-49F9-B5E9-AA3E5F268D72}.Debug|x64.Build.0 = Debug|x64
		{5C28A77F-992F-49F9-B5E9-AA3E5F268D72}.Debug|x86.ActiveCfg = Debug|Win32
		{5C28A77F-992F-49F9-B5E9-AA3E5F268D72}.Debug|x86.Build.0 = Debug|Win32
		{5C28A77F-992F-49F9-B5E9-AA3E5F268D72}.Release|x64.ActiveCfg = Release|x64
		{5C28A77F-992F-49F9-B5E9-AA3E5F268D72}.Release|x64.Build.0 = Release|x64
		{5C28A77F-992F-49F9-B5E9-AA3E5F268D72}.Release|x86.ActiveCfg = Release|Win32
		{5C28A77F-992F-49F9-B5E9-AA3E5F268D72}.Release|x86.Build.0 = Release|Win32
		{B196B24C-21B3-42C8-AC51-5069E84AAB60}.Debug|x64.ActiveCfg = Debug|x64
		{B196B24C-21B3-42C8-AC51-5069E84AAB60}.Debug|x64.Build.0 = Debug|x64
		{B196B24C-21B3-42C8-AC51-5069E84AAB60}.Debug|x86.ActiveCfg = Debug|Win32
		{B196B24C-21B3-42C8-AC51-5069E84AAB60}.Debug|x86.Build.0 = Debug|Win32
		{B196B24C-21B3-42C8-AC51-5069E84AAB60}.Release|x64.ActiveCfg = Release|x64
		{B196B24C-21B3-42C8-AC51-5069E84AAB60}.Release|x64.Build.0 = Release|x64
		{B196B24C-21B3-42C8-AC51-5069E84AAB60}.Release|x86.ActiveCfg = Release|Win32
		{B196B24C-21B3-42C8-AC51-5069E84AAB60}.Release|x86.Build.0 = Release|Win32
		{569751CB-031F-48D5-9A7A-E1CE7B9F2412}.Debug|x64.ActiveCfg = Debug|x64
		{569751CB-031F-48D5-9A7A-E1CE7B9F2412}.Debug|x64.Build.0 = Debug|x64
		{569751CB-031F-48D5-9A7A-E1CE7B9F2412}.Debug|x86.ActiveCfg = Debug|Win32
		{569751CB-031F-48D5-9A7A-E1CE7B9F2412}.Debug|x86.Build.0 = Debug|Win32
		{569751CB-031F-48D5-9A7A-E1CE7B9F2412}.Release|x64.ActiveCfg = Release|x64
		{569751CB-031F-48D5-9A7A-E1CE7B9F2412}.Release|x64.Build.0 = Release|x64
		{569751CB-031F-48D5-9A7A-E1CE7B9F2412}.Release|x86.ActiveCfg = Release|Win32
		{569751CB-031F-48D5-9A7A-E1CE7B9F2412}.Release|x86.Build.0 = Release|Win32
		{F2435755-D324-4B55-B93B-0E0204E243C1}.Debug|x64.ActiveCfg = Debug|x64
		{F2435755-D324-4B55-B93B-0E0204E243C1}.Debug|x64.Build.0 = Debug|x64
		{F2435755-D324-4B55-B93B-0E0204E243C1}.Debug|x86.ActiveCfg = Debug|Win32
		{F2435755-D324-4B55-B93B-0E0204E243C1}.Debug|x86.Build.0 = Debug|Win32
		{F2435755-D324-4B55-B93B-0E0204E243C1}.Release|x64.ActiveCfg = Release|x64
		{F2435755-D324-4B55-B93B-0E0204E243C1}.Release|x64.Build.0 = Release|x64
		{F2435755-D324-4B55-B93B-0E0204E243C1}.Release|x86.ActiveCfg = Release|Win32
		{F2435755-D324-4B55-B93B-0E0204E243C1}.Release|x86.Build.0 = Release|Win32
	EndGlobalSection
	GlobalSection(SolutionProperties) = preSolution
		HideSolutionNode = FALSE
	EndGlobalSection
	GlobalSection(ExtensibilityGlobals) = postSolution
		SolutionGuid = {7A41E130-0C3D-4752-BEC3-639117EDE3FD}
	EndGlobalSection
EndGlobal
